{
    "_readme": [
        "This file locks the dependencies of your project to a known state",
        "Read more about it at https://getcomposer.org/doc/01-basic-usage.md#installing-dependencies",
        "This file is @generated automatically"
    ],
    "content-hash": "b460be4aa0b83d2712d31326fcef5b2b",
    "packages": [
        {
            "name": "matomo/ini",
            "version": "3.0.3",
            "source": {
                "type": "git",
                "url": "https://github.com/matomo-org/component-ini.git",
                "reference": "8bd472309dbb742404deabd2bd86d060fb42219e"
            },
            "dist": {
                "type": "zip",
                "url": "https://api.github.com/repos/matomo-org/component-ini/zipball/8bd472309dbb742404deabd2bd86d060fb42219e",
                "reference": "8bd472309dbb742404deabd2bd86d060fb42219e",
                "shasum": ""
            },
            "require": {
                "php": ">=7.2"
            },
            "require-dev": {
                "phpbench/phpbench": "^1.0",
                "phpunit/phpunit": "^8.5"
            },
            "type": "library",
            "autoload": {
                "psr-4": {
                    "Matomo\\Ini\\": "src/"
                }
            },
            "notification-url": "https://packagist.org/downloads/",
            "license": [
                "LGPL-3.0"
            ],
            "support": {
                "issues": "https://github.com/matomo-org/component-ini/issues",
                "source": "https://github.com/matomo-org/component-ini/tree/3.0.3"
            },
            "time": "2026-08-17T08:38:26+00:00"
        },
        {
            "name": "samdark/sitemap",
            "version": "3.1.0",
            "source": {
                "type": "git",
                "url": "https://github.com/samdark/sitemap.git",
                "reference": "08c2a1ad8b60bf27221ec856ac4112d66eb62df0"
            },
            "dist": {
                "type": "zip",
                "url": "https://api.github.com/repos/samdark/sitemap/zipball/08c2a1ad8b60bf27221ec856ac4112d66eb62df0",
                "reference": "08c2a1ad8b60bf27221ec856ac4112d66eb62df0",
                "shasum": ""
            },
            "require": {
                "ext-xmlwriter": "*",
                "php": ">=7.1"
            },
            "require-dev": {
                "phpbench/phpbench": "~1.0.0",
                "phpstan/phpstan": "^1.12.5",
                "phpunit/phpunit": "^9.0",
                "rector/rector": "^1.2.10"
            },
            "suggest": {
                "ext-intl": "For encoding international domain names",
                "ext-zlib": "For gzipped sitemaps"
            },
            "type": "library",
            "autoload": {
                "psr-4": {
                    "samdark\\sitemap\\": "src/"
                }
            },
            "notification-url": "https://packagist.org/downloads/",
            "license": [
                "BSD-3-Clause"
            ],
            "authors": [
                {
                    "name": "Alexander Makarov",
                    "email": "sam@rmcreative.ru",
                    "homepage": "http://rmcreative.ru/"
                }
            ],
            "description": "Sitemap and sitemap index builder",
            "homepage": "https://github.com/samdark/sitemap",
            "keywords": [
                "Sitemap"
            ],
            "support": {
                "issues": "https://github.com/samdark/sitemap/issues",
                "source": "https://github.com/samdark/sitemap"
            },
            "funding": [
                {
                    "url": "https://github.com/samdark",
                    "type": "github"
                },
                {
                    "url": "https://www.patreon.com/samdark",
                    "type": "patreon"
                }
            ],
            "time": "2026-07-20T13:47:03+00:00"
        }
    ],
    "packages-dev": [],
    "aliases": [],
    "minimum-stability": "stable",
    "stability-flags": {},
    "prefer-stable": false,
    "prefer-lowest": false,
    "platform": {},
    "platform-dev": {},
    "plugin-api-version": "2.9.0"
}
